
Microsoft Visual Studio Solution File, Format Version 12.00
# Visual Studio Version 17
VisualStudioVersion = 17.8.34330.188
MinimumVisualStudioVersion = 10.0.40219.1
Project("{9A19103F-16F7-4668-BE54-9A1E7A4F7556}") = "Dima.Core", "Dima.Core\Dima.Core.csproj", "{CC5B859E-95FD-464D-96C7-0255711EF1A9}"
EndProject
Project("{9A19103F-16F7-4668-BE54-9A1E7A4F7556}") = "Dima.Api", "Dima.Api\Dima.Api.csproj", "{F2369022-511C-4C25-B147-36F07DD9B3F5}"
EndProject
Global
	GlobalSection(SolutionConfigurationPlatforms) = preSolution
		Debug|Any CPU = Debug|Any CPU
		Release|Any CPU = Release|Any CPU
	EndGlobalSection
	GlobalSection(ProjectConfigurationPlatforms) = postSolution
		{CC5B859E-95FD-464D-96C7-0255711EF1A9}.Debug|Any CPU.ActiveCfg = Debug|Any CPU
		{CC5B859E-95FD-464D-96C7-0255711EF1A9}.Debug|Any CPU.Build.0 = Debug|Any CPU
		{CC5B859E-95FD-464D-96C7-0255711EF1A9}.Release|Any CPU.ActiveCfg = Release|Any CPU
		{CC5B859E-95FD-464D-96C7-0255711EF1A9}.Release|Any CPU.Build.0 = Release|Any CPU
		{F2369022-511C-4C25-B147-36F07DD9B3F5}.Debug|Any CPU.ActiveCfg = Debug|Any CPU
		{F2369022-511C-4C25-B147-36F07DD9B3F5}.Debug|Any CPU.Build.0 = Debug|Any CPU
		{F2369022-511C-4C25-B147-36F07DD9B3F5}.Release|Any CPU.ActiveCfg = Release|Any CPU
		{F2369022-511C-4C25-B147-36F07DD9B3F5}.Release|Any CPU.Build.0 = Release|Any CPU
	EndGlobalSection
	GlobalSection(SolutionProperties) = preSolution
		HideSolutionNode = FALSE
	EndGlobalSection
	GlobalSection(ExtensibilityGlobals) = postSolution
		SolutionGuid = {A2FAAEAB-555D-4199-B189-A682EEB3F11C}
	EndGlobalSection
EndGlobal
